
Microsoft Visual Studio Solution File, Format Version 12.00
# Visual Studio Version 17
VisualStudioVersion = 17.0.31903.59
MinimumVisualStudioVersion = 10.0.40219.1
Project("{2150E333-8FDC-42A3-9474-1A3956D46DE8}") = "Solution Items", "Solution Items", "{54D716E8-1239-4D2B-A554-C10AA3134C1B}"
	ProjectSection(SolutionItems) = preProject
		.editorconfig = .editorconfig
	EndProjectSection
EndProject
Project("{9A19103F-16F7-4668-BE54-9A1E7A4F7556}") = "DotNetOrb.Core", "src\DotNetOrb.Core\DotNetOrb.Core.csproj", "{68BE84EA-ABE8-434B-8B8D-74741F6F1971}"
EndProject
Project("{9A19103F-16F7-4668-BE54-9A1E7A4F7556}") = "DotNetOrb.OMG", "src\DotNetOrb.OMG\DotNetOrb.OMG.csproj", "{7086DF90-DBE9-46F2-A86C-F56770CA2A71}"
EndProject
Project("{9A19103F-16F7-4668-BE54-9A1E7A4F7556}") = "DotNetOrb.Test", "test\DotNetOrb.Test\DotNetOrb.Test.csproj", "{A3F87ABA-387F-4E9B-8E65-1390B95C04C1}"
EndProject
Project("{2150E333-8FDC-42A3-9474-1A3956D46DE8}") = "src", "src", "{D87C13AB-9DA6-4CE8-BE63-9812BAAE59C2}"
EndProject
Project("{2150E333-8FDC-42A3-9474-1A3956D46DE8}") = "examples", "examples", "{3186E339-EA21-4F5A-8A29-C5FBC6D8BA9F}"
EndProject
Project("{2150E333-8FDC-42A3-9474-1A3956D46DE8}") = "test", "test", "{EFA030D5-BE6D-4737-B9C5-82564B006DC3}"
EndProject
Project("{2150E333-8FDC-42A3-9474-1A3956D46DE8}") = "netframework", "netframework", "{F5C46C51-D25A-4871-9C6F-10CC4F30EB05}"
EndProject
Project("{FAE04EC0-301F-11D3-BF4B-00C04F79EFBC}") = "DotNetOrb.Core", "src\netframework\DotNetOrb.Core\DotNetOrb.Core.csproj", "{683BD857-7308-44ED-8EE7-5F9DCD17ECF4}"
EndProject
Project("{FAE04EC0-301F-11D3-BF4B-00C04F79EFBC}") = "DotNetOrb.OMG", "src\netframework\DotNetOrb.OMG\DotNetOrb.OMG.csproj", "{53FA5355-2A45-4D7B-A6AE-88D3AD8D4228}"
EndProject
Project("{FAE04EC0-301F-11D3-BF4B-00C04F79EFBC}") = "DotNetOrb.IdlCompiler", "src\netframework\DotNetOrb.IdlCompiler\DotNetOrb.IdlCompiler.csproj", "{1E43E083-B5FE-41F8-B6C0-3D4AC8FD4B41}"
EndProject
Project("{9A19103F-16F7-4668-BE54-9A1E7A4F7556}") = "ChatServer", "examples\ChatServer\ChatServer.csproj", "{AFEAD169-BCC8-4C40-B8A2-FFA7E5486ABB}"
EndProject
Project("{9A19103F-16F7-4668-BE54-9A1E7A4F7556}") = "ChatClient", "examples\ChatClient\ChatClient.csproj", "{0A3D9D41-A9E8-430C-BD1A-1A89C7A374B1}"
EndProject
Project("{2150E333-8FDC-42A3-9474-1A3956D46DE8}") = "imr", "imr", "{C3223191-08A4-4B2F-9991-21443DF81AFA}"
EndProject
Project("{2150E333-8FDC-42A3-9474-1A3956D46DE8}") = "naming", "naming", "{BEAC4084-5320-4081-B52E-2C41A1F690F9}"
EndProject
Project("{9A19103F-16F7-4668-BE54-9A1E7A4F7556}") = "DotNetOrb.ImplementationRepository", "src\imr\DotNetOrb.ImplementationRepository\DotNetOrb.ImplementationRepository.csproj", "{E9FC302B-A65B-4A15-8415-EC141886F03C}"
EndProject
Project("{9A19103F-16F7-4668-BE54-9A1E7A4F7556}") = "DotNetOrb.ImRManager", "src\imr\DotNetOrb.ImRManager\DotNetOrb.ImRManager.csproj", "{6EB61902-B98D-4ECF-B276-368DCC04089C}"
EndProject
Project("{9A19103F-16F7-4668-BE54-9A1E7A4F7556}") = "DotNetOrb.ServerStartupDaemon", "src\imr\DotNetOrb.ServerStartupDaemon\DotNetOrb.ServerStartupDaemon.csproj", "{F07FBD13-0F06-4EBD-9282-ABFAE7AE3EA2}"
EndProject
Project("{9A19103F-16F7-4668-BE54-9A1E7A4F7556}") = "DotNetOrb.NameService", "src\naming\DotNetOrb.NameService\DotNetOrb.NameService.csproj", "{77B2D5DD-893B-404C-B97C-E328357DAF19}"
EndProject
Project("{2150E333-8FDC-42A3-9474-1A3956D46DE8}") = "idlcompiler", "idlcompiler", "{2BF2575E-DBF2-41BF-820D-1F558342EF97}"
EndProject
Project("{9A19103F-16F7-4668-BE54-9A1E7A4F7556}") = "DotNetOrb.IdlCompiler", "src\idlcompiler\DotNetOrb.IdlCompiler\DotNetOrb.IdlCompiler.csproj", "{F0F332E0-EF37-4569-9230-9E94D5465147}"
EndProject
Project("{9A19103F-16F7-4668-BE54-9A1E7A4F7556}") = "IDL.Grammar", "src\idlcompiler\IDL.Grammar\IDL.Grammar.csproj", "{470A6A22-02E7-4077-853E-A18D4FE05EDA}"
EndProject
Global
	GlobalSection(SolutionConfigurationPlatforms) = preSolution
		Debug|Any CPU = Debug|Any CPU
		Release|Any CPU = Release|Any CPU
	EndGlobalSection
	GlobalSection(ProjectConfigurationPlatforms) = postSolution
		{68BE84EA-ABE8-434B-8B8D-74741F6F1971}.Debug|Any CPU.ActiveCfg = Debug|Any CPU
		{68BE84EA-ABE8-434B-8B8D-74741F6F1971}.Debug|Any CPU.Build.0 = Debug|Any CPU
		{68BE84EA-ABE8-434B-8B8D-74741F6F1971}.Release|Any CPU.ActiveCfg = Release|Any CPU
		{68BE84EA-ABE8-434B-8B8D-74741F6F1971}.Release|Any CPU.Build.0 = Release|Any CPU
		{7086DF90-DBE9-46F2-A86C-F56770CA2A71}.Debug|Any CPU.ActiveCfg = Debug|Any CPU
		{7086DF90-DBE9-46F2-A86C-F56770CA2A71}.Debug|Any CPU.Build.0 = Debug|Any CPU
		{7086DF90-DBE9-46F2-A86C-F56770CA2A71}.Release|Any CPU.ActiveCfg = Release|Any CPU
		{7086DF90-DBE9-46F2-A86C-F56770CA2A71}.Release|Any CPU.Build.0 = Release|Any CPU
		{A3F87ABA-387F-4E9B-8E65-1390B95C04C1}.Debug|Any CPU.ActiveCfg = Debug|Any CPU
		{A3F87ABA-387F-4E9B-8E65-1390B95C04C1}.Debug|Any CPU.Build.0 = Debug|Any CPU
		{A3F87ABA-387F-4E9B-8E65-1390B95C04C1}.Release|Any CPU.ActiveCfg = Release|Any CPU
		{A3F87ABA-387F-4E9B-8E65-1390B95C04C1}.Release|Any CPU.Build.0 = Release|Any CPU
		{683BD857-7308-44ED-8EE7-5F9DCD17ECF4}.Debug|Any CPU.ActiveCfg = Debug|Any CPU
		{683BD857-7308-44ED-8EE7-5F9DCD17ECF4}.Debug|Any CPU.Build.0 = Debug|Any CPU
		{683BD857-7308-44ED-8EE7-5F9DCD17ECF4}.Release|Any CPU.ActiveCfg = Release|Any CPU
		{683BD857-7308-44ED-8EE7-5F9DCD17ECF4}.Release|Any CPU.Build.0 = Release|Any CPU
		{53FA5355-2A45-4D7B-A6AE-88D3AD8D4228}.Debug|Any CPU.ActiveCfg = Debug|Any CPU
		{53FA5355-2A45-4D7B-A6AE-88D3AD8D4228}.Debug|Any CPU.Build.0 = Debug|Any CPU
		{53FA5355-2A45-4D7B-A6AE-88D3AD8D4228}.Release|Any CPU.ActiveCfg = Release|Any CPU
		{53FA5355-2A45-4D7B-A6AE-88D3AD8D4228}.Release|Any CPU.Build.0 = Release|Any CPU
		{1E43E083-B5FE-41F8-B6C0-3D4AC8FD4B41}.Debug|Any CPU.ActiveCfg = Debug|Any CPU
		{1E43E083-B5FE-41F8-B6C0-3D4AC8FD4B41}.Debug|Any CPU.Build.0 = Debug|Any CPU
		{1E43E083-B5FE-41F8-B6C0-3D4AC8FD4B41}.Release|Any CPU.ActiveCfg = Release|Any CPU
		{1E43E083-B5FE-41F8-B6C0-3D4AC8FD4B41}.Release|Any CPU.Build.0 = Release|Any CPU
		{AFEAD169-BCC8-4C40-B8A2-FFA7E5486ABB}.Debug|Any CPU.ActiveCfg = Debug|Any CPU
		{AFEAD169-BCC8-4C40-B8A2-FFA7E5486ABB}.Debug|Any CPU.Build.0 = Debug|Any CPU
		{AFEAD169-BCC8-4C40-B8A2-FFA7E5486ABB}.Release|Any CPU.ActiveCfg = Release|Any CPU
		{AFEAD169-BCC8-4C40-B8A2-FFA7E5486ABB}.Release|Any CPU.Build.0 = Release|Any CPU
		{0A3D9D41-A9E8-430C-BD1A-1A89C7A374B1}.Debug|Any CPU.ActiveCfg = Debug|Any CPU
		{0A3D9D41-A9E8-430C-BD1A-1A89C7A374B1}.Debug|Any CPU.Build.0 = Debug|Any CPU
		{0A3D9D41-A9E8-430C-BD1A-1A89C7A374B1}.Release|Any CPU.ActiveCfg = Release|Any CPU
		{0A3D9D41-A9E8-430C-BD1A-1A89C7A374B1}.Release|Any CPU.Build.0 = Release|Any CPU
		{E9FC302B-A65B-4A15-8415-EC141886F03C}.Debug|Any CPU.ActiveCfg = Debug|Any CPU
		{E9FC302B-A65B-4A15-8415-EC141886F03C}.Debug|Any CPU.Build.0 = Debug|Any CPU
		{E9FC302B-A65B-4A15-8415-EC141886F03C}.Release|Any CPU.ActiveCfg = Release|Any CPU
		{E9FC302B-A65B-4A15-8415-EC141886F03C}.Release|Any CPU.Build.0 = Release|Any CPU
		{6EB61902-B98D-4ECF-B276-368DCC04089C}.Debug|Any CPU.ActiveCfg = Debug|Any CPU
		{6EB61902-B98D-4ECF-B276-368DCC04089C}.Debug|Any CPU.Build.0 = Debug|Any CPU
		{6EB61902-B98D-4ECF-B276-368DCC04089C}.Release|Any CPU.ActiveCfg = Release|Any CPU
		{6EB61902-B98D-4ECF-B276-368DCC04089C}.Release|Any CPU.Build.0 = Release|Any CPU
		{F07FBD13-0F06-4EBD-9282-ABFAE7AE3EA2}.Debug|Any CPU.ActiveCfg = Debug|Any CPU
		{F07FBD13-0F06-4EBD-9282-ABFAE7AE3EA2}.Debug|Any CPU.Build.0 = Debug|Any CPU
		{F07FBD13-0F06-4EBD-9282-ABFAE7AE3EA2}.Release|Any CPU.ActiveCfg = Release|Any CPU
		{F07FBD13-0F06-4EBD-9282-ABFAE7AE3EA2}.Release|Any CPU.Build.0 = Release|Any CPU
		{77B2D5DD-893B-404C-B97C-E328357DAF19}.Debug|Any CPU.ActiveCfg = Debug|Any CPU
		{77B2D5DD-893B-404C-B97C-E328357DAF19}.Debug|Any CPU.Build.0 = Debug|Any CPU
		{77B2D5DD-893B-404C-B97C-E328357DAF19}.Release|Any CPU.ActiveCfg = Release|Any CPU
		{77B2D5DD-893B-404C-B97C-E328357DAF19}.Release|Any CPU.Build.0 = Release|Any CPU
		{F0F332E0-EF37-4569-9230-9E94D5465147}.Debug|Any CPU.ActiveCfg = Debug|Any CPU
		{F0F332E0-EF37-4569-9230-9E94D5465147}.Debug|Any CPU.Build.0 = Debug|Any CPU
		{F0F332E0-EF37-4569-9230-9E94D5465147}.Release|Any CPU.ActiveCfg = Release|Any CPU
		{F0F332E0-EF37-4569-9230-9E94D5465147}.Release|Any CPU.Build.0 = Release|Any CPU
		{470A6A22-02E7-4077-853E-A18D4FE05EDA}.Debug|Any CPU.ActiveCfg = Debug|Any CPU
		{470A6A22-02E7-4077-853E-A18D4FE05EDA}.Debug|Any CPU.Build.0 = Debug|Any CPU
		{470A6A22-02E7-4077-853E-A18D4FE05EDA}.Release|Any CPU.ActiveCfg = Release|Any CPU
		{470A6A22-02E7-4077-853E-A18D4FE05EDA}.Release|Any CPU.Build.0 = Release|Any CPU
	EndGlobalSection
	GlobalSection(SolutionProperties) = preSolution
		HideSolutionNode = FALSE
	EndGlobalSection
	GlobalSection(NestedProjects) = preSolution
		{68BE84EA-ABE8-434B-8B8D-74741F6F1971} = {D87C13AB-9DA6-4CE8-BE63-9812BAAE59C2}
		{7086DF90-DBE9-46F2-A86C-F56770CA2A71} = {D87C13AB-9DA6-4CE8-BE63-9812BAAE59C2}
		{A3F87ABA-387F-4E9B-8E65-1390B95C04C1} = {EFA030D5-BE6D-4737-B9C5-82564B006DC3}
		{F5C46C51-D25A-4871-9C6F-10CC4F30EB05} = {D87C13AB-9DA6-4CE8-BE63-9812BAAE59C2}
		{683BD857-7308-44ED-8EE7-5F9DCD17ECF4} = {F5C46C51-D25A-4871-9C6F-10CC4F30EB05}
		{53FA5355-2A45-4D7B-A6AE-88D3AD8D4228} = {F5C46C51-D25A-4871-9C6F-10CC4F30EB05}
		{1E43E083-B5FE-41F8-B6C0-3D4AC8FD4B41} = {F5C46C51-D25A-4871-9C6F-10CC4F30EB05}
		{AFEAD169-BCC8-4C40-B8A2-FFA7E5486ABB} = {3186E339-EA21-4F5A-8A29-C5FBC6D8BA9F}
		{0A3D9D41-A9E8-430C-BD1A-1A89C7A374B1} = {3186E339-EA21-4F5A-8A29-C5FBC6D8BA9F}
		{C3223191-08A4-4B2F-9991-21443DF81AFA} = {D87C13AB-9DA6-4CE8-BE63-9812BAAE59C2}
		{BEAC4084-5320-4081-B52E-2C41A1F690F9} = {D87C13AB-9DA6-4CE8-BE63-9812BAAE59C2}
		{E9FC302B-A65B-4A15-8415-EC141886F03C} = {C3223191-08A4-4B2F-9991-21443DF81AFA}
		{6EB61902-B98D-4ECF-B276-368DCC04089C} = {C3223191-08A4-4B2F-9991-21443DF81AFA}
		{F07FBD13-0F06-4EBD-9282-ABFAE7AE3EA2} = {C3223191-08A4-4B2F-9991-21443DF81AFA}
		{77B2D5DD-893B-404C-B97C-E328357DAF19} = {BEAC4084-5320-4081-B52E-2C41A1F690F9}
		{2BF2575E-DBF2-41BF-820D-1F558342EF97} = {D87C13AB-9DA6-4CE8-BE63-9812BAAE59C2}
		{F0F332E0-EF37-4569-9230-9E94D5465147} = {2BF2575E-DBF2-41BF-820D-1F558342EF97}
		{470A6A22-02E7-4077-853E-A18D4FE05EDA} = {2BF2575E-DBF2-41BF-820D-1F558342EF97}
	EndGlobalSection
	GlobalSection(ExtensibilityGlobals) = postSolution
		SolutionGuid = {7757A41F-7D1D-4D03-B868-C6551E0D80FD}
	EndGlobalSection
EndGlobal
